// !$*UTF8*$!
{
	archiveVersion = 1;
	classes = {
	};
	objectVersion = 56;
	objects = {

/* Begin PBXBuildFile section */
		008DF8D329C8C39700537876 /* HBO_Max_CloneApp.swift in Sources */ = {isa = PBXBuildFile; fileRef = 008DF8D229C8C39700537876 /* HBO_Max_CloneApp.swift */; };
		008DF8D529C8C39700537876 /* ContentView.swift in Sources */ = {isa = PBXBuildFile; fileRef = 008DF8D429C8C39700537876 /* ContentView.swift */; };
		008DF8D729C8C39800537876 /* Assets.xcassets in Resources */ = {isa = PBXBuildFile; fileRef = 008DF8D629C8C39800537876 /* Assets.xcassets */; };
		008DF8DA29C8C39800537876 /* Preview Assets.xcassets in Resources */ = {isa = PBXBuildFile; fileRef = 008DF8D929C8C39800537876 /* Preview Assets.xcassets */; };
		008DF8EC29C8C4EC00537876 /* MovieResponse.swift in Sources */ = {isa = PBXBuildFile; fileRef = 008DF8EB29C8C4EC00537876 /* MovieResponse.swift */; };
		008DF8EE29C8C50F00537876 /* Movie.swift in Sources */ = {isa = PBXBuildFile; fileRef = 008DF8ED29C8C50F00537876 /* Movie.swift */; };
		008DF8F029C8C53800537876 /* GenresResponse.swift in Sources */ = {isa = PBXBuildFile; fileRef = 008DF8EF29C8C53800537876 /* GenresResponse.swift */; };
		008DF8F229C8C55100537876 /* Genre.swift in Sources */ = {isa = PBXBuildFile; fileRef = 008DF8F129C8C55100537876 /* Genre.swift */; };
		008DF8F429C8C57300537876 /* SampleData.swift in Sources */ = {isa = PBXBuildFile; fileRef = 008DF8F329C8C57300537876 /* SampleData.swift */; };
		008DF8F629C8C59B00537876 /* MovieViewModel.swift in Sources */ = {isa = PBXBuildFile; fileRef = 008DF8F529C8C59B00537876 /* MovieViewModel.swift */; };
		008DF8F829C8C5F900537876 /* TMDbAPI.swift in Sources */ = {isa = PBXBuildFile; fileRef = 008DF8F729C8C5F900537876 /* TMDbAPI.swift */; };
		008DF8FA29C8C65A00537876 /* MovieDetailView.swift in Sources */ = {isa = PBXBuildFile; fileRef = 008DF8F929C8C65A00537876 /* MovieDetailView.swift */; };
		008DF8FC29C8C67300537876 /* MovieDetailsScrollView.swift in Sources */ = {isa = PBXBuildFile; fileRef = 008DF8FB29C8C67300537876 /* MovieDetailsScrollView.swift */; };
		008DF8FE29C8C68800537876 /* MovieDetailsOverlay.swift in Sources */ = {isa = PBXBuildFile; fileRef = 008DF8FD29C8C68800537876 /* MovieDetailsOverlay.swift */; };
		008DF90029C8C69B00537876 /* MovieDetailsHStack.swift in Sources */ = {isa = PBXBuildFile; fileRef = 008DF8FF29C8C69B00537876 /* MovieDetailsHStack.swift */; };
		008DF90229C8C6AB00537876 /* MovieActionsHStack.swift in Sources */ = {isa = PBXBuildFile; fileRef = 008DF90129C8C6AB00537876 /* MovieActionsHStack.swift */; };
		008DF90429C90E4300537876 /* ITunesAPI.swift in Sources */ = {isa = PBXBuildFile; fileRef = 008DF90329C90E4300537876 /* ITunesAPI.swift */; };
		008DF90629C919BD00537876 /* MovieTrailerButtonView.swift in Sources */ = {isa = PBXBuildFile; fileRef = 008DF90529C919BD00537876 /* MovieTrailerButtonView.swift */; };
/* End PBXBuildFile section */

/* Begin PBXFileReference section */
		008DF8CF29C8C39700537876 /* HBO Max Clone.app */ = {isa = PBXFileReference; explicitFileType = wrapper.application; includeInIndex = 0; path = "HBO Max Clone.app"; sourceTree = BUILT_PRODUCTS_DIR; };
		008DF8D229C8C39700537876 /* HBO_Max_CloneApp.swift */ = {isa = PBXFileReference; lastKnownFileType = sourcecode.swift; path = HBO_Max_CloneApp.swift; sourceTree = "<group>"; };
		008DF8D429C8C39700537876 /* ContentView.swift */ = {isa = PBXFileReference; lastKnownFileType = sourcecode.swift; path = ContentView.swift; sourceTree = "<group>"; };
		008DF8D629C8C39800537876 /* Assets.xcassets */ = {isa = PBXFileReference; lastKnownFileType = folder.assetcatalog; path = Assets.xcassets; sourceTree = "<group>"; };
		008DF8D929C8C39800537876 /* Preview Assets.xcassets */ = {isa = PBXFileReference; lastKnownFileType = folder.assetcatalog; path = "Preview Assets.xcassets"; sourceTree = "<group>"; };
		008DF8EB29C8C4EC00537876 /* MovieResponse.swift */ = {isa = PBXFileReference; lastKnownFileType = sourcecode.swift; path = MovieResponse.swift; sourceTree = "<group>"; };
		008DF8ED29C8C50F00537876 /* Movie.swift */ = {isa = PBXFileReference; lastKnownFileType = sourcecode.swift; path = Movie.swift; sourceTree = "<group>"; };
		008DF8EF29C8C53800537876 /* GenresResponse.swift */ = {isa = PBXFileReference; lastKnownFileType = sourcecode.swift; path = GenresResponse.swift; sourceTree = "<group>"; };
		008DF8F129C8C55100537876 /* Genre.swift */ = {isa = PBXFileReference; lastKnownFileType = sourcecode.swift; path = Genre.swift; sourceTree = "<group>"; };
		008DF8F329C8C57300537876 /* SampleData.swift */ = {isa = PBXFileReference; lastKnownFileType = sourcecode.swift; path = SampleData.swift; sourceTree = "<group>"; };
		008DF8F529C8C59B00537876 /* MovieViewModel.swift */ = {isa = PBXFileReference; lastKnownFileType = sourcecode.swift; path = MovieViewModel.swift; sourceTree = "<group>"; };
		008DF8F729C8C5F900537876 /* TMDbAPI.swift */ = {isa = PBXFileReference; lastKnownFileType = sourcecode.swift; path = TMDbAPI.swift; sourceTree = "<group>"; };
		008DF8F929C8C65A00537876 /* MovieDetailView.swift */ = {isa = PBXFileReference; lastKnownFileType = sourcecode.swift; path = MovieDetailView.swift; sourceTree = "<group>"; };
		008DF8FB29C8C67300537876 /* MovieDetailsScrollView.swift */ = {isa = PBXFileReference; lastKnownFileType = sourcecode.swift; path = MovieDetailsScrollView.swift; sourceTree = "<group>"; };
		008DF8FD29C8C68800537876 /* MovieDetailsOverlay.swift */ = {isa = PBXFileReference; lastKnownFileType = sourcecode.swift; path = MovieDetailsOverlay.swift; sourceTree = "<group>"; };
		008DF8FF29C8C69B00537876 /* MovieDetailsHStack.swift */ = {isa = PBXFileReference; lastKnownFileType = sourcecode.swift; path = MovieDetailsHStack.swift; sourceTree = "<group>"; };
		008DF90129C8C6AB00537876 /* MovieActionsHStack.swift */ = {isa = PBXFileReference; lastKnownFileType = sourcecode.swift; path = MovieActionsHStack.swift; sourceTree = "<group>"; };
		008DF90329C90E4300537876 /* ITunesAPI.swift */ = {isa = PBXFileReference; lastKnownFileType = sourcecode.swift; path = ITunesAPI.swift; sourceTree = "<group>"; };
		008DF90529C919BD00537876 /* MovieTrailerButtonView.swift */ = {isa = PBXFileReference; lastKnownFileType = sourcecode.swift; path = MovieTrailerButtonView.swift; sourceTree = "<group>"; };
/* End PBXFileReference section */

/* Begin PBXFrameworksBuildPhase section */
		008DF8CC29C8C39700537876 /* Frameworks */ = {
			isa = PBXFrameworksBuildPhase;
			buildActionMask = 2147483647;
			files = (
			);
			runOnlyForDeploymentPostprocessing = 0;
		};
/* End PBXFrameworksBuildPhase section */

/* Begin PBXGroup section */
		008DF8C629C8C39600537876 = {
			isa = PBXGroup;
			children = (
				008DF8D129C8C39700537876 /* HBO Max Clone */,
				008DF8D029C8C39700537876 /* Products */,
			);
			sourceTree = "<group>";
		};
		008DF8D029C8C39700537876 /* Products */ = {
			isa = PBXGroup;
			children = (
				008DF8CF29C8C39700537876 /* HBO Max Clone.app */,
			);
			name = Products;
			sourceTree = "<group>";
		};
		008DF8D129C8C39700537876 /* HBO Max Clone */ = {
			isa = PBXGroup;
			children = (
				008DF8D229C8C39700537876 /* HBO_Max_CloneApp.swift */,
				008DF8D429C8C39700537876 /* ContentView.swift */,
				008DF8F729C8C5F900537876 /* TMDbAPI.swift */,
				008DF90329C90E4300537876 /* ITunesAPI.swift */,
				008DF8E029C8C42E00537876 /* Tabs */,
				008DF8E129C8C44300537876 /* Sample Data */,
				008DF8D629C8C39800537876 /* Assets.xcassets */,
				008DF8D829C8C39800537876 /* Preview Content */,
			);
			path = "HBO Max Clone";
			sourceTree = "<group>";
		};
		008DF8D829C8C39800537876 /* Preview Content */ = {
			isa = PBXGroup;
			children = (
				008DF8D929C8C39800537876 /* Preview Assets.xcassets */,
			);
			path = "Preview Content";
			sourceTree = "<group>";
		};
		008DF8E029C8C42E00537876 /* Tabs */ = {
			isa = PBXGroup;
			children = (
				008DF8E629C8C49300537876 /* Home */,
				008DF8E529C8C48400537876 /* Movies */,
				008DF8E429C8C47700537876 /* Series */,
				008DF8E329C8C46A00537876 /* Downloads */,
				008DF8E229C8C45A00537876 /* Search */,
			);
			path = Tabs;
			sourceTree = "<group>";
		};
		008DF8E129C8C44300537876 /* Sample Data */ = {
			isa = PBXGroup;
			children = (
				008DF8F329C8C57300537876 /* SampleData.swift */,
			);
			path = "Sample Data";
			sourceTree = "<group>";
		};
		008DF8E229C8C45A00537876 /* Search */ = {
			isa = PBXGroup;
			children = (
			);
			path = Search;
			sourceTree = "<group>";
		};
		008DF8E329C8C46A00537876 /* Downloads */ = {
			isa = PBXGroup;
			children = (
			);
			path = Downloads;
			sourceTree = "<group>";
		};
		008DF8E429C8C47700537876 /* Series */ = {
			isa = PBXGroup;
			children = (
			);
			path = Series;
			sourceTree = "<group>";
		};
		008DF8E529C8C48400537876 /* Movies */ = {
			isa = PBXGroup;
			children = (
				008DF8E729C8C4A600537876 /* Movie detail */,
			);
			path = Movies;
			sourceTree = "<group>";
		};
		008DF8E629C8C49300537876 /* Home */ = {
			isa = PBXGroup;
			children = (
			);
			path = Home;
			sourceTree = "<group>";
		};
		008DF8E729C8C4A600537876 /* Movie detail */ = {
			isa = PBXGroup;
			children = (
				008DF8EA29C8C4D000537876 /* Model */,
				008DF8E929C8C4C400537876 /* View */,
				008DF8E829C8C4B700537876 /* ViewModel */,
			);
			path = "Movie detail";
			sourceTree = "<group>";
		};
		008DF8E829C8C4B700537876 /* ViewModel */ = {
			isa = PBXGroup;
			children = (
				008DF8F529C8C59B00537876 /* MovieViewModel.swift */,
			);
			path = ViewModel;
			sourceTree = "<group>";
		};
		008DF8E929C8C4C400537876 /* View */ = {
			isa = PBXGroup;
			children = (
				008DF8F929C8C65A00537876 /* MovieDetailView.swift */,
				008DF8FB29C8C67300537876 /* MovieDetailsScrollView.swift */,
				008DF8FD29C8C68800537876 /* MovieDetailsOverlay.swift */,
				008DF8FF29C8C69B00537876 /* MovieDetailsHStack.swift */,
				008DF90129C8C6AB00537876 /* MovieActionsHStack.swift */,
				008DF90529C919BD00537876 /* MovieTrailerButtonView.swift */,
			);
			path = View;
			sourceTree = "<group>";
		};
		008DF8EA29C8C4D000537876 /* Model */ = {
			isa = PBXGroup;
			children = (
				008DF8EB29C8C4EC00537876 /* MovieResponse.swift */,
				008DF8ED29C8C50F00537876 /* Movie.swift */,
				008DF8EF29C8C53800537876 /* GenresResponse.swift */,
				008DF8F129C8C55100537876 /* Genre.swift */,
			);
			path = Model;
			sourceTree = "<group>";
		};
/* End PBXGroup section */

/* Begin PBXNativeTarget section */
		008DF8CE29C8C39700537876 /* HBO Max Clone */ = {
			isa = PBXNativeTarget;
			buildConfigurationList = 008DF8DD29C8C39800537876 /* Build configuration list for PBXNativeTarget "HBO Max Clone" */;
			buildPhases = (
				008DF8CB29C8C39700537876 /* Sources */,
				008DF8CC29C8C39700537876 /* Frameworks */,
				008DF8CD29C8C39700537876 /* Resources */,
			);
			buildRules = (
			);
			dependencies = (
			);
			name = "HBO Max Clone";
			productName = "HBO Max Clone";
			productReference = 008DF8CF29C8C39700537876 /* HBO Max Clone.app */;
			productType = "com.apple.product-type.application";
		};
/* End PBXNativeTarget section */

/* Begin PBXProject section */
		008DF8C729C8C39600537876 /* Project object */ = {
			isa = PBXProject;
			attributes = {
				BuildIndependentTargetsInParallel = 1;
				LastSwiftUpdateCheck = 1420;
				LastUpgradeCheck = 1420;
				TargetAttributes = {
					008DF8CE29C8C39700537876 = {
						CreatedOnToolsVersion = 14.2;
					};
				};
			};
			buildConfigurationList = 008DF8CA29C8C39700537876 /* Build configuration list for PBXProject "HBO Max Clone" */;
			compatibilityVersion = "Xcode 14.0";
			developmentRegion = en;
			hasScannedForEncodings = 0;
			knownRegions = (
				en,
				Base,
			);
			mainGroup = 008DF8C629C8C39600537876;
			productRefGroup = 008DF8D029C8C39700537876 /* Products */;
			projectDirPath = "";
			projectRoot = "";
			targets = (
				008DF8CE29C8C39700537876 /* HBO Max Clone */,
			);
		};
/* End PBXProject section */

/* Begin PBXResourcesBuildPhase section */
		008DF8CD29C8C39700537876 /* Resources */ = {
			isa = PBXResourcesBuildPhase;
			buildActionMask = 2147483647;
			files = (
				008DF8DA29C8C39800537876 /* Preview Assets.xcassets in Resources */,
				008DF8D729C8C39800537876 /* Assets.xcassets in Resources */,
			);
			runOnlyForDeploymentPostprocessing = 0;
		};
/* End PBXResourcesBuildPhase section */

/* Begin PBXSourcesBuildPhase section */
		008DF8CB29C8C39700537876 /* Sources */ = {
			isa = PBXSourcesBuildPhase;
			buildActionMask = 2147483647;
			files = (
				008DF8FA29C8C65A00537876 /* MovieDetailView.swift in Sources */,
				008DF8EC29C8C4EC00537876 /* MovieResponse.swift in Sources */,
				008DF90229C8C6AB00537876 /* MovieActionsHStack.swift in Sources */,
				008DF8F429C8C57300537876 /* SampleData.swift in Sources */,
				008DF8F829C8C5F900537876 /* TMDbAPI.swift in Sources */,
				008DF90029C8C69B00537876 /* MovieDetailsHStack.swift in Sources */,
				008DF8D529C8C39700537876 /* ContentView.swift in Sources */,
				008DF8F629C8C59B00537876 /* MovieViewModel.swift in Sources */,
				008DF8FC29C8C67300537876 /* MovieDetailsScrollView.swift in Sources */,
				008DF8F029C8C53800537876 /* GenresResponse.swift in Sources */,
				008DF8FE29C8C68800537876 /* MovieDetailsOverlay.swift in Sources */,
				008DF8F229C8C55100537876 /* Genre.swift in Sources */,
				008DF90429C90E4300537876 /* ITunesAPI.swift in Sources */,
				008DF8EE29C8C50F00537876 /* Movie.swift in Sources */,
				008DF8D329C8C39700537876 /* HBO_Max_CloneApp.swift in Sources */,
				008DF90629C919BD00537876 /* MovieTrailerButtonView.swift in Sources */,
			);
			runOnlyForDeploymentPostprocessing = 0;
		};
/* End PBXSourcesBuildPhase section */

/* Begin XCBuildConfiguration section */
		008DF8DB29C8C39800537876 /* Debug */ = {
			isa = XCBuildConfiguration;
			buildSettings = {
				ALWAYS_SEARCH_USER_PATHS = NO;
				CLANG_ANALYZER_NONNULL = YES;
				CLANG_ANALYZER_NUMBER_OBJECT_CONVERSION = YES_AGGRESSIVE;
				CLANG_CXX_LANGUAGE_STANDARD = "gnu++20";
				CLANG_ENABLE_MODULES = YES;
				CLANG_ENABLE_OBJC_ARC = YES;
				CLANG_ENABLE_OBJC_WEAK = YES;
				CLANG_WARN_BLOCK_CAPTURE_AUTORELEASING = YES;
				CLANG_WARN_BOOL_CONVERSION = YES;
				CLANG_WARN_COMMA = YES;
				CLANG_WARN_CONSTANT_CONVERSION = YES;
				CLANG_WARN_DEPRECATED_OBJC_IMPLEMENTATIONS = YES;
				CLANG_WARN_DIRECT_OBJC_ISA_USAGE = YES_ERROR;
				CLANG_WARN_DOCUMENTATION_COMMENTS = YES;
				CLANG_WARN_EMPTY_BODY = YES;
				CLANG_WARN_ENUM_CONVERSION = YES;
				CLANG_WARN_INFINITE_RECURSION = YES;
				CLANG_WARN_INT_CONVERSION = YES;
				CLANG_WARN_NON_LITERAL_NULL_CONVERSION = YES;
				CLANG_WARN_OBJC_IMPLICIT_RETAIN_SELF = YES;
				CLANG_WARN_OBJC_LITERAL_CONVERSION = YES;
				CLANG_WARN_OBJC_ROOT_CLASS = YES_ERROR;
				CLANG_WARN_QUOTED_INCLUDE_IN_FRAMEWORK_HEADER = YES;
				CLANG_WARN_RANGE_LOOP_ANALYSIS = YES;
				CLANG_WARN_STRICT_PROTOTYPES = YES;
				CLANG_WARN_SUSPICIOUS_MOVE = YES;
				CLANG_WARN_UNGUARDED_AVAILABILITY = YES_AGGRESSIVE;
				CLANG_WARN_UNREACHABLE_CODE = YES;
				CLANG_WARN__DUPLICATE_METHOD_MATCH = YES;
				COPY_PHASE_STRIP = NO;
				DEBUG_INFORMATION_FORMAT = dwarf;
				ENABLE_STRICT_OBJC_MSGSEND = YES;
				ENABLE_TESTABILITY = YES;
				GCC_C_LANGUAGE_STANDARD = gnu11;
				GCC_DYNAMIC_NO_PIC = NO;
				GCC_NO_COMMON_BLOCKS = YES;
				GCC_OPTIMIZATION_LEVEL = 0;
				GCC_PREPROCESSOR_DEFINITIONS = (
					"DEBUG=1",
					"$(inherited)",
				);
				GCC_WARN_64_TO_32_BIT_CONVERSION = YES;
				GCC_WARN_ABOUT_RETURN_TYPE = YES_ERROR;
				GCC_WARN_UNDECLARED_SELECTOR = YES;
				GCC_WARN_UNINITIALIZED_AUTOS = YES_AGGRESSIVE;
				GCC_WARN_UNUSED_FUNCTION = YES;
				GCC_WARN_UNUSED_VARIABLE = YES;
				IPHONEOS_DEPLOYMENT_TARGET = 16.2;
				MTL_ENABLE_DEBUG_INFO = INCLUDE_SOURCE;
				MTL_FAST_MATH = YES;
				ONLY_ACTIVE_ARCH = YES;
				SDKROOT = iphoneos;
				SWIFT_ACTIVE_COMPILATION_CONDITIONS = DEBUG;
				SWIFT_OPTIMIZATION_LEVEL = "-Onone";
			};
			name = Debug;
		};
		008DF8DC29C8C39800537876 /* Release */ = {
			isa = XCBuildConfiguration;
			buildSettings = {
				ALWAYS_SEARCH_USER_PATHS = NO;
				CLANG_ANALYZER_NONNULL = YES;
				CLANG_ANALYZER_NUMBER_OBJECT_CONVERSION = YES_AGGRESSIVE;
				CLANG_CXX_LANGUAGE_STANDARD = "gnu++20";
				CLANG_ENABLE_MODULES = YES;
				CLANG_ENABLE_OBJC_ARC = YES;
				CLANG_ENABLE_OBJC_WEAK = YES;
				CLANG_WARN_BLOCK_CAPTURE_AUTORELEASING = YES;
				CLANG_WARN_BOOL_CONVERSION = YES;
				CLANG_WARN_COMMA = YES;
				CLANG_WARN_CONSTANT_CONVERSION = YES;
				CLANG_WARN_DEPRECATED_OBJC_IMPLEMENTATIONS = YES;
				CLANG_WARN_DIRECT_OBJC_ISA_USAGE = YES_ERROR;
				CLANG_WARN_DOCUMENTATION_COMMENTS = YES;
				CLANG_WARN_EMPTY_BODY = YES;
				CLANG_WARN_ENUM_CONVERSION = YES;
				CLANG_WARN_INFINITE_RECURSION = YES;
				CLANG_WARN_INT_CONVERSION = YES;
				CLANG_WARN_NON_LITERAL_NULL_CONVERSION = YES;
				CLANG_WARN_OBJC_IMPLICIT_RETAIN_SELF = YES;
				CLANG_WARN_OBJC_LITERAL_CONVERSION = YES;
				CLANG_WARN_OBJC_ROOT_CLASS = YES_ERROR;
				CLANG_WARN_QUOTED_INCLUDE_IN_FRAMEWORK_HEADER = YES;
				CLANG_WARN_RANGE_LOOP_ANALYSIS = YES;
				CLANG_WARN_STRICT_PROTOTYPES = YES;
				CLANG_WARN_SUSPICIOUS_MOVE = YES;
				CLANG_WARN_UNGUARDED_AVAILABILITY = YES_AGGRESSIVE;
				CLANG_WARN_UNREACHABLE_CODE = YES;
				CLANG_WARN__DUPLICATE_METHOD_MATCH = YES;
				COPY_PHASE_STRIP = NO;
				DEBUG_INFORMATION_FORMAT = "dwarf-with-dsym";
				ENABLE_NS_ASSERTIONS = NO;
				ENABLE_STRICT_OBJC_MSGSEND = YES;
				GCC_C_LANGUAGE_STANDARD = gnu11;
				GCC_NO_COMMON_BLOCKS = YES;
				GCC_WARN_64_TO_32_BIT_CONVERSION = YES;
				GCC_WARN_ABOUT_RETURN_TYPE = YES_ERROR;
				GCC_WARN_UNDECLARED_SELECTOR = YES;
				GCC_WARN_UNINITIALIZED_AUTOS = YES_AGGRESSIVE;
				GCC_WARN_UNUSED_FUNCTION = YES;
				GCC_WARN_UNUSED_VARIABLE = YES;
				IPHONEOS_DEPLOYMENT_TARGET = 16.2;
				MTL_ENABLE_DEBUG_INFO = NO;
				MTL_FAST_MATH = YES;
				SDKROOT = iphoneos;
				SWIFT_COMPILATION_MODE = wholemodule;
				SWIFT_OPTIMIZATION_LEVEL = "-O";
				VALIDATE_PRODUCT = YES;
			};
			name = Release;
		};
		008DF8DE29C8C39800537876 /* Debug */ = {
			isa = XCBuildConfiguration;
			buildSettings = {
				ASSETCATALOG_COMPILER_APPICON_NAME = AppIcon;
				ASSETCATALOG_COMPILER_GLOBAL_ACCENT_COLOR_NAME = AccentColor;
				CODE_SIGN_STYLE = Automatic;
				CURRENT_PROJECT_VERSION = 1;
				DEVELOPMENT_ASSET_PATHS = "\"HBO Max Clone/Preview Content\"";
				DEVELOPMENT_TEAM = 33NUGZ4GWE;
				ENABLE_PREVIEWS = YES;
				GENERATE_INFOPLIST_FILE = YES;
				INFOPLIST_KEY_UIApplicationSceneManifest_Generation = YES;
				INFOPLIST_KEY_UIApplicationSupportsIndirectInputEvents = YES;
				INFOPLIST_KEY_UILaunchScreen_Generation = YES;
				INFOPLIST_KEY_UISupportedInterfaceOrientations_iPad = "UIInterfaceOrientationPortrait UIInterfaceOrientationPortraitUpsideDown UIInterfaceOrientationLandscapeLeft UIInterfaceOrientationLandscapeRight";
				INFOPLIST_KEY_UISupportedInterfaceOrientations_iPhone = "UIInterfaceOrientationPortrait UIInterfaceOrientationLandscapeLeft UIInterfaceOrientationLandscapeRight";
				LD_RUNPATH_SEARCH_PATHS = (
					"$(inherited)",
					"@executable_path/Frameworks",
				);
				MARKETING_VERSION = 1.0;
				PRODUCT_BUNDLE_IDENTIFIER = "dev.calebrwells.HBO-Max-Clone";
				PRODUCT_NAME = "$(TARGET_NAME)";
				SWIFT_EMIT_LOC_STRINGS = YES;
				SWIFT_VERSION = 5.0;
				TARGETED_DEVICE_FAMILY = "1,2";
			};
			name = Debug;
		};
		008DF8DF29C8C39800537876 /* Release */ = {
			isa = XCBuildConfiguration;
			buildSettings = {
				ASSETCATALOG_COMPILER_APPICON_NAME = AppIcon;
				ASSETCATALOG_COMPILER_GLOBAL_ACCENT_COLOR_NAME = AccentColor;
				CODE_SIGN_STYLE = Automatic;
				CURRENT_PROJECT_VERSION = 1;
				DEVELOPMENT_ASSET_PATHS = "\"HBO Max Clone/Preview Content\"";
				DEVELOPMENT_TEAM = 33NUGZ4GWE;
				ENABLE_PREVIEWS = YES;
				GENERATE_INFOPLIST_FILE = YES;
				INFOPLIST_KEY_UIApplicationSceneManifest_Generation = YES;
				INFOPLIST_KEY_UIApplicationSupportsIndirectInputEvents = YES;
				INFOPLIST_KEY_UILaunchScreen_Generation = YES;
				INFOPLIST_KEY_UISupportedInterfaceOrientations_iPad = "UIInterfaceOrientationPortrait UIInterfaceOrientationPortraitUpsideDown UIInterfaceOrientationLandscapeLeft UIInterfaceOrientationLandscapeRight";
				INFOPLIST_KEY_UISupportedInterfaceOrientations_iPhone = "UIInterfaceOrientationPortrait UIInterfaceOrientationLandscapeLeft UIInterfaceOrientationLandscapeRight";
				LD_RUNPATH_SEARCH_PATHS = (
					"$(inherited)",
					"@executable_path/Frameworks",
				);
				MARKETING_VERSION = 1.0;
				PRODUCT_BUNDLE_IDENTIFIER = "dev.calebrwells.HBO-Max-Clone";
				PRODUCT_NAME = "$(TARGET_NAME)";
				SWIFT_EMIT_LOC_STRINGS = YES;
				SWIFT_VERSION = 5.0;
				TARGETED_DEVICE_FAMILY = "1,2";
			};
			name = Release;
		};
/* End XCBuildConfiguration section */

/* Begin XCConfigurationList section */
		008DF8CA29C8C39700537876 /* Build configuration list for PBXProject "HBO Max Clone" */ = {
			isa = XCConfigurationList;
			buildConfigurations = (
				008DF8DB29C8C39800537876 /* Debug */,
				008DF8DC29C8C39800537876 /* Release */,
			);
			defaultConfigurationIsVisible = 0;
			defaultConfigurationName = Release;
		};
		008DF8DD29C8C39800537876 /* Build configuration list for PBXNativeTarget "HBO Max Clone" */ = {
			isa = XCConfigurationList;
			buildConfigurations = (
				008DF8DE29C8C39800537876 /* Debug */,
				008DF8DF29C8C39800537876 /* Release */,
			);
			defaultConfigurationIsVisible = 0;
			defaultConfigurationName = Release;
		};
/* End XCConfigurationList section */
	};
	rootObject = 008DF8C729C8C39600537876 /* Project object */;
}
